<?xml version="1.0" encoding="utf-8"?>
<Project ToolsVersion="4.0" xmlns="http://schemas.microsoft.com/developer/msbuild/2003">
  <ItemGroup>
    <ClCompile Include="imacq\ImAcq.cpp">
      <Filter>Source Files</Filter>
    </ClCompile>
    <ClCompile Include="mftracker\BB.cpp">
      <Filter>Source Files</Filter>
    </ClCompile>
    <ClCompile Include="mftracker\BBPredict.cpp">
      <Filter>Source Files</Filter>
    </ClCompile>
    <ClCompile Include="mftracker\FBTrack.cpp">
      <Filter>Source Files</Filter>
    </ClCompile>
    <ClCompile Include="mftracker\Lk.cpp">
      <Filter>Source Files</Filter>
    </ClCompile>
    <ClCompile Include="mftracker\Median.cpp">
      <Filter>Source Files</Filter>
    </ClCompile>
    <ClCompile Include="tld\Clustering.cpp">
      <Filter>Source Files</Filter>
    </ClCompile>
    <ClCompile Include="tld\DetectionResult.cpp">
      <Filter>Source Files</Filter>
    </ClCompile>
    <ClCompile Include="tld\DetectorCascade.cpp">
      <Filter>Source Files</Filter>
    </ClCompile>
    <ClCompile Include="tld\EnsembleClassifier.cpp">
      <Filter>Source Files</Filter>
    </ClCompile>
    <ClCompile Include="tld\ForegroundDetector.cpp">
      <Filter>Source Files</Filter>
    </ClCompile>
    <ClCompile Include="tld\MedianFlowTracker.cpp">
      <Filter>Source Files</Filter>
    </ClCompile>
    <ClCompile Include="tld\NNClassifier.cpp">
      <Filter>Source Files</Filter>
    </ClCompile>
    <ClCompile Include="tld\TLD.cpp">
      <Filter>Source Files</Filter>
    </ClCompile>
    <ClCompile Include="tld\TLDUtil.cpp">
      <Filter>Source Files</Filter>
    </ClCompile>
    <ClCompile Include="tld\VarianceFilter.cpp">
      <Filter>Source Files</Filter>
    </ClCompile>
  </ItemGroup>
  <ItemGroup>
    <ClInclude Include="imacq\ImAcq.h">
      <Filter>Header Files</Filter>
    </ClInclude>
    <ClInclude Include="mftracker\BB.h">
      <Filter>Header Files</Filter>
    </ClInclude>
    <ClInclude Include="mftracker\BBPredict.h">
      <Filter>Header Files</Filter>
    </ClInclude>
    <ClInclude Include="mftracker\FBTrack.h">
      <Filter>Header Files</Filter>
    </ClInclude>
    <ClInclude Include="mftracker\Lk.h">
      <Filter>Header Files</Filter>
    </ClInclude>
    <ClInclude Include="mftracker\Median.h">
      <Filter>Header Files</Filter>
    </ClInclude>
    <ClInclude Include="tld\Clustering.h">
      <Filter>Header Files</Filter>
    </ClInclude>
    <ClInclude Include="tld\DetectionResult.h">
      <Filter>Header Files</Filter>
    </ClInclude>
    <ClInclude Include="tld\DetectorCascade.h">
      <Filter>Header Files</Filter>
    </ClInclude>
    <ClInclude Include="tld\EnsembleClassifier.h">
      <Filter>Header Files</Filter>
    </ClInclude>
    <ClInclude Include="tld\ForegroundDetector.h">
      <Filter>Header Files</Filter>
    </ClInclude>
    <ClInclude Include="tld\IntegralImage.h">
      <Filter>Header Files</Filter>
    </ClInclude>
    <ClInclude Include="tld\MedianFlowTracker.h">
      <Filter>Header Files</Filter>
    </ClInclude>
    <ClInclude Include="tld\NNClassifier.h">
      <Filter>Header Files</Filter>
    </ClInclude>
    <ClInclude Include="tld\NormalizedPatch.h">
      <Filter>Header Files</Filter>
    </ClInclude>
    <ClInclude Include="tld\TLD.h">
      <Filter>Header Files</Filter>
    </ClInclude>
    <ClInclude Include="tld\TLDUtil.h">
      <Filter>Header Files</Filter>
    </ClInclude>
    <ClInclude Include="tld\VarianceFilter.h">
      <Filter>Header Files</Filter>
    </ClInclude>
  </ItemGroup>
  <ItemGroup>
    <CustomBuild Include="CMakeLists.txt" />
  </ItemGroup>
  <ItemGroup>
    <Filter Include="Source Files">
      <UniqueIdentifier>{DAFCA998-D7A0-42D5-88BD-3A8C1FACEA14}</UniqueIdentifier>
    </Filter>
    <Filter Include="Header Files">
      <UniqueIdentifier>{3A088C26-B8CA-42FC-A00E-18F5C707DA45}</UniqueIdentifier>
    </Filter>
  </ItemGroup>
</Project>
