<?xml version="1.0" encoding="utf-8"?>
<Project ToolsVersion="4.0" xmlns="http://schemas.microsoft.com/developer/msbuild/2003">
  <ItemGroup>
    <ClCompile Include="main\Config.cpp">
      <Filter>Source Files</Filter>
    </ClCompile>
    <ClCompile Include="main\Gui.cpp">
      <Filter>Source Files</Filter>
    </ClCompile>
    <ClCompile Include="main\Main.cpp">
      <Filter>Source Files</Filter>
    </ClCompile>
    <ClCompile Include="main\Settings.cpp">
      <Filter>Source Files</Filter>
    </ClCompile>
    <ClCompile Include="main\Trajectory.cpp">
      <Filter>Source Files</Filter>
    </ClCompile>
  </ItemGroup>
  <ItemGroup>
    <ClInclude Include="main\Config.h">
      <Filter>Header Files</Filter>
    </ClInclude>
    <ClInclude Include="main\Gui.h">
      <Filter>Header Files</Filter>
    </ClInclude>
    <ClInclude Include="main\Main.h">
      <Filter>Header Files</Filter>
    </ClInclude>
    <ClInclude Include="main\Settings.h">
      <Filter>Header Files</Filter>
    </ClInclude>
    <ClInclude Include="main\Trajectory.h">
      <Filter>Header Files</Filter>
    </ClInclude>
  </ItemGroup>
  <ItemGroup>
    <CustomBuild Include="CMakeLists.txt" />
  </ItemGroup>
  <ItemGroup>
    <Filter Include="Source Files">
      <UniqueIdentifier>{DAFCA998-D7A0-42D5-88BD-3A8C1FACEA14}</UniqueIdentifier>
    </Filter>
    <Filter Include="Header Files">
      <UniqueIdentifier>{3A088C26-B8CA-42FC-A00E-18F5C707DA45}</UniqueIdentifier>
    </Filter>
  </ItemGroup>
</Project>
