<?xml version="1.0" encoding="utf-8"?>
<Project ToolsVersion="4.0" xmlns="http://schemas.microsoft.com/developer/msbuild/2003">
  <ItemGroup>
    <CustomBuild Include="CMakeFiles\7f1691a61850d058217bc42ef4904d68\INSTALL_force.rule">
      <Filter>CMake Rules</Filter>
    </CustomBuild>
  </ItemGroup>
  <ItemGroup>
    <Filter Include="CMake Rules">
      <UniqueIdentifier>{CCB1F8A2-6890-4782-BBA0-74E98EBC27EE}</UniqueIdentifier>
    </Filter>
  </ItemGroup>
</Project>
