Microsoft Visual Studio Solution File, Format Version 12.00
# Visual Studio 2012
Project("{8BC9CEB8-8B4A-11D0-8D11-00A0C91BC942}") = "ALL_BUILD", "ALL_BUILD.vcxproj", "{1984435E-A966-47B3-AEDB-CF2703344481}"
	ProjectSection(ProjectDependencies) = postProject
		{BCE70B5A-34E8-4725-B538-1BE44AF51116} = {BCE70B5A-34E8-4725-B538-1BE44AF51116}
		{9BE0D736-01A1-4637-8663-0B3C684F54DD} = {9BE0D736-01A1-4637-8663-0B3C684F54DD}
		{7ECD3960-E20F-4EAB-B885-E16FA7ED9D1B} = {7ECD3960-E20F-4EAB-B885-E16FA7ED9D1B}
		{261256CB-5941-4278-9764-E322C248B71E} = {261256CB-5941-4278-9764-E322C248B71E}
		{9E5478B4-2D9A-4B9D-8804-448C8809670A} = {9E5478B4-2D9A-4B9D-8804-448C8809670A}
		{4BF305DA-58A0-4043-8D3B-F9893D196A43} = {4BF305DA-58A0-4043-8D3B-F9893D196A43}
	EndProjectSection
EndProject
Project("{8BC9CEB8-8B4A-11D0-8D11-00A0C91BC942}") = "INSTALL", "INSTALL.vcxproj", "{F2297F40-F60A-48F0-A77E-719299D63CCE}"
	ProjectSection(ProjectDependencies) = postProject
		{1984435E-A966-47B3-AEDB-CF2703344481} = {1984435E-A966-47B3-AEDB-CF2703344481}
	EndProjectSection
EndProject
Project("{8BC9CEB8-8B4A-11D0-8D11-00A0C91BC942}") = "ZERO_CHECK", "ZERO_CHECK.vcxproj", "{BCE70B5A-34E8-4725-B538-1BE44AF51116}"
	ProjectSection(ProjectDependencies) = postProject
	EndProjectSection
EndProject
Project("{8BC9CEB8-8B4A-11D0-8D11-00A0C91BC942}") = "config++", "src\3rdparty\libconfig\config++.vcxproj", "{9BE0D736-01A1-4637-8663-0B3C684F54DD}"
	ProjectSection(ProjectDependencies) = postProject
		{BCE70B5A-34E8-4725-B538-1BE44AF51116} = {BCE70B5A-34E8-4725-B538-1BE44AF51116}
	EndProjectSection
EndProject
Project("{8BC9CEB8-8B4A-11D0-8D11-00A0C91BC942}") = "cvblobs", "src\3rdparty\cvblobs\cvblobs.vcxproj", "{7ECD3960-E20F-4EAB-B885-E16FA7ED9D1B}"
	ProjectSection(ProjectDependencies) = postProject
		{BCE70B5A-34E8-4725-B538-1BE44AF51116} = {BCE70B5A-34E8-4725-B538-1BE44AF51116}
	EndProjectSection
EndProject
Project("{8BC9CEB8-8B4A-11D0-8D11-00A0C91BC942}") = "libopentld", "src\libopentld\libopentld.vcxproj", "{261256CB-5941-4278-9764-E322C248B71E}"
	ProjectSection(ProjectDependencies) = postProject
		{BCE70B5A-34E8-4725-B538-1BE44AF51116} = {BCE70B5A-34E8-4725-B538-1BE44AF51116}
	EndProjectSection
EndProject
Project("{8BC9CEB8-8B4A-11D0-8D11-00A0C91BC942}") = "main", "src\opentld\main.vcxproj", "{9E5478B4-2D9A-4B9D-8804-448C8809670A}"
	ProjectSection(ProjectDependencies) = postProject
		{BCE70B5A-34E8-4725-B538-1BE44AF51116} = {BCE70B5A-34E8-4725-B538-1BE44AF51116}
		{9BE0D736-01A1-4637-8663-0B3C684F54DD} = {9BE0D736-01A1-4637-8663-0B3C684F54DD}
		{7ECD3960-E20F-4EAB-B885-E16FA7ED9D1B} = {7ECD3960-E20F-4EAB-B885-E16FA7ED9D1B}
		{261256CB-5941-4278-9764-E322C248B71E} = {261256CB-5941-4278-9764-E322C248B71E}
	EndProjectSection
EndProject
Project("{8BC9CEB8-8B4A-11D0-8D11-00A0C91BC942}") = "opentld", "src\opentld\opentld.vcxproj", "{4BF305DA-58A0-4043-8D3B-F9893D196A43}"
	ProjectSection(ProjectDependencies) = postProject
		{BCE70B5A-34E8-4725-B538-1BE44AF51116} = {BCE70B5A-34E8-4725-B538-1BE44AF51116}
		{9BE0D736-01A1-4637-8663-0B3C684F54DD} = {9BE0D736-01A1-4637-8663-0B3C684F54DD}
		{7ECD3960-E20F-4EAB-B885-E16FA7ED9D1B} = {7ECD3960-E20F-4EAB-B885-E16FA7ED9D1B}
		{261256CB-5941-4278-9764-E322C248B71E} = {261256CB-5941-4278-9764-E322C248B71E}
		{9E5478B4-2D9A-4B9D-8804-448C8809670A} = {9E5478B4-2D9A-4B9D-8804-448C8809670A}
	EndProjectSection
EndProject
Global
	GlobalSection(SolutionConfigurationPlatforms) = preSolution
		Debug|Win32 = Debug|Win32
		Release|Win32 = Release|Win32
		MinSizeRel|Win32 = MinSizeRel|Win32
		RelWithDebInfo|Win32 = RelWithDebInfo|Win32
	EndGlobalSection
	GlobalSection(ProjectConfigurationPlatforms) = postSolution
		{1984435E-A966-47B3-AEDB-CF2703344481}.Debug|Win32.ActiveCfg = Debug|Win32
		{1984435E-A966-47B3-AEDB-CF2703344481}.Debug|Win32.Build.0 = Debug|Win32
		{1984435E-A966-47B3-AEDB-CF2703344481}.Release|Win32.ActiveCfg = Release|Win32
		{1984435E-A966-47B3-AEDB-CF2703344481}.Release|Win32.Build.0 = Release|Win32
		{1984435E-A966-47B3-AEDB-CF2703344481}.MinSizeRel|Win32.ActiveCfg = MinSizeRel|Win32
		{1984435E-A966-47B3-AEDB-CF2703344481}.MinSizeRel|Win32.Build.0 = MinSizeRel|Win32
		{1984435E-A966-47B3-AEDB-CF2703344481}.RelWithDebInfo|Win32.ActiveCfg = RelWithDebInfo|Win32
		{1984435E-A966-47B3-AEDB-CF2703344481}.RelWithDebInfo|Win32.Build.0 = RelWithDebInfo|Win32
		{F2297F40-F60A-48F0-A77E-719299D63CCE}.Debug|Win32.ActiveCfg = Debug|Win32
		{F2297F40-F60A-48F0-A77E-719299D63CCE}.Release|Win32.ActiveCfg = Release|Win32
		{F2297F40-F60A-48F0-A77E-719299D63CCE}.MinSizeRel|Win32.ActiveCfg = MinSizeRel|Win32
		{F2297F40-F60A-48F0-A77E-719299D63CCE}.RelWithDebInfo|Win32.ActiveCfg = RelWithDebInfo|Win32
		{BCE70B5A-34E8-4725-B538-1BE44AF51116}.Debug|Win32.ActiveCfg = Debug|Win32
		{BCE70B5A-34E8-4725-B538-1BE44AF51116}.Debug|Win32.Build.0 = Debug|Win32
		{BCE70B5A-34E8-4725-B538-1BE44AF51116}.Release|Win32.ActiveCfg = Release|Win32
		{BCE70B5A-34E8-4725-B538-1BE44AF51116}.Release|Win32.Build.0 = Release|Win32
		{BCE70B5A-34E8-4725-B538-1BE44AF51116}.MinSizeRel|Win32.ActiveCfg = MinSizeRel|Win32
		{BCE70B5A-34E8-4725-B538-1BE44AF51116}.MinSizeRel|Win32.Build.0 = MinSizeRel|Win32
		{BCE70B5A-34E8-4725-B538-1BE44AF51116}.RelWithDebInfo|Win32.ActiveCfg = RelWithDebInfo|Win32
		{BCE70B5A-34E8-4725-B538-1BE44AF51116}.RelWithDebInfo|Win32.Build.0 = RelWithDebInfo|Win32
		{9BE0D736-01A1-4637-8663-0B3C684F54DD}.Debug|Win32.ActiveCfg = Debug|Win32
		{9BE0D736-01A1-4637-8663-0B3C684F54DD}.Debug|Win32.Build.0 = Debug|Win32
		{9BE0D736-01A1-4637-8663-0B3C684F54DD}.Release|Win32.ActiveCfg = Release|Win32
		{9BE0D736-01A1-4637-8663-0B3C684F54DD}.Release|Win32.Build.0 = Release|Win32
		{9BE0D736-01A1-4637-8663-0B3C684F54DD}.MinSizeRel|Win32.ActiveCfg = MinSizeRel|Win32
		{9BE0D736-01A1-4637-8663-0B3C684F54DD}.MinSizeRel|Win32.Build.0 = MinSizeRel|Win32
		{9BE0D736-01A1-4637-8663-0B3C684F54DD}.RelWithDebInfo|Win32.ActiveCfg = RelWithDebInfo|Win32
		{9BE0D736-01A1-4637-8663-0B3C684F54DD}.RelWithDebInfo|Win32.Build.0 = RelWithDebInfo|Win32
		{7ECD3960-E20F-4EAB-B885-E16FA7ED9D1B}.Debug|Win32.ActiveCfg = Debug|Win32
		{7ECD3960-E20F-4EAB-B885-E16FA7ED9D1B}.Debug|Win32.Build.0 = Debug|Win32
		{7ECD3960-E20F-4EAB-B885-E16FA7ED9D1B}.Release|Win32.ActiveCfg = Release|Win32
		{7ECD3960-E20F-4EAB-B885-E16FA7ED9D1B}.Release|Win32.Build.0 = Release|Win32
		{7ECD3960-E20F-4EAB-B885-E16FA7ED9D1B}.MinSizeRel|Win32.ActiveCfg = MinSizeRel|Win32
		{7ECD3960-E20F-4EAB-B885-E16FA7ED9D1B}.MinSizeRel|Win32.Build.0 = MinSizeRel|Win32
		{7ECD3960-E20F-4EAB-B885-E16FA7ED9D1B}.RelWithDebInfo|Win32.ActiveCfg = RelWithDebInfo|Win32
		{7ECD3960-E20F-4EAB-B885-E16FA7ED9D1B}.RelWithDebInfo|Win32.Build.0 = RelWithDebInfo|Win32
		{261256CB-5941-4278-9764-E322C248B71E}.Debug|Win32.ActiveCfg = Debug|Win32
		{261256CB-5941-4278-9764-E322C248B71E}.Debug|Win32.Build.0 = Debug|Win32
		{261256CB-5941-4278-9764-E322C248B71E}.Release|Win32.ActiveCfg = Release|Win32
		{261256CB-5941-4278-9764-E322C248B71E}.Release|Win32.Build.0 = Release|Win32
		{261256CB-5941-4278-9764-E322C248B71E}.MinSizeRel|Win32.ActiveCfg = MinSizeRel|Win32
		{261256CB-5941-4278-9764-E322C248B71E}.MinSizeRel|Win32.Build.0 = MinSizeRel|Win32
		{261256CB-5941-4278-9764-E322C248B71E}.RelWithDebInfo|Win32.ActiveCfg = RelWithDebInfo|Win32
		{261256CB-5941-4278-9764-E322C248B71E}.RelWithDebInfo|Win32.Build.0 = RelWithDebInfo|Win32
		{9E5478B4-2D9A-4B9D-8804-448C8809670A}.Debug|Win32.ActiveCfg = Debug|Win32
		{9E5478B4-2D9A-4B9D-8804-448C8809670A}.Debug|Win32.Build.0 = Debug|Win32
		{9E5478B4-2D9A-4B9D-8804-448C8809670A}.Release|Win32.ActiveCfg = Release|Win32
		{9E5478B4-2D9A-4B9D-8804-448C8809670A}.Release|Win32.Build.0 = Release|Win32
		{9E5478B4-2D9A-4B9D-8804-448C8809670A}.MinSizeRel|Win32.ActiveCfg = MinSizeRel|Win32
		{9E5478B4-2D9A-4B9D-8804-448C8809670A}.MinSizeRel|Win32.Build.0 = MinSizeRel|Win32
		{9E5478B4-2D9A-4B9D-8804-448C8809670A}.RelWithDebInfo|Win32.ActiveCfg = RelWithDebInfo|Win32
		{9E5478B4-2D9A-4B9D-8804-448C8809670A}.RelWithDebInfo|Win32.Build.0 = RelWithDebInfo|Win32
		{4BF305DA-58A0-4043-8D3B-F9893D196A43}.Debug|Win32.ActiveCfg = Debug|Win32
		{4BF305DA-58A0-4043-8D3B-F9893D196A43}.Debug|Win32.Build.0 = Debug|Win32
		{4BF305DA-58A0-4043-8D3B-F9893D196A43}.Release|Win32.ActiveCfg = Release|Win32
		{4BF305DA-58A0-4043-8D3B-F9893D196A43}.Release|Win32.Build.0 = Release|Win32
		{4BF305DA-58A0-4043-8D3B-F9893D196A43}.MinSizeRel|Win32.ActiveCfg = MinSizeRel|Win32
		{4BF305DA-58A0-4043-8D3B-F9893D196A43}.MinSizeRel|Win32.Build.0 = MinSizeRel|Win32
		{4BF305DA-58A0-4043-8D3B-F9893D196A43}.RelWithDebInfo|Win32.ActiveCfg = RelWithDebInfo|Win32
		{4BF305DA-58A0-4043-8D3B-F9893D196A43}.RelWithDebInfo|Win32.Build.0 = RelWithDebInfo|Win32
	EndGlobalSection
	GlobalSection(ExtensibilityGlobals) = postSolution
	EndGlobalSection
	GlobalSection(ExtensibilityAddIns) = postSolution
	EndGlobalSection
EndGlobal
